rosenberg-2022-snarkblock:
  type: article
  title: 'SNARKBlock: Federated Anonymous Blocklisting from Hidden Common Input Aggregate Proofs'
  author:
  - Rosenberg, Michael
  - Maller, Mary
  - Miers, Ian
  date: 2022-05
  page-range: 948-965
  url: http://dx.doi.org/10.1109/sp46214.2022.9833656
  serial-number:
    doi: 10.1109/sp46214.2022.9833656
  parent:
    type: proceedings
    title: 2022 IEEE Symposium on Security and Privacy (SP)
    publisher: IEEE
